Microsoft Visual Studio Solution File, Format Version 12.00
# Visual Studio Version 18
VisualStudioVersion = 18.3.11206.111 d18.3
MinimumVisualStudioVersion = 10.0.40219.1
Project("{FAE04EC0-301F-11D3-BF4B-00C04F79EFBC}") = "MercadoBitcoinApi", "MercadoBitcoinApi\MercadoBitcoinApi.csproj", "{5D1AEE50-E613-4178-98DA-ED164C9B0A19}"
EndProject
Project("{FAE04EC0-301F-11D3-BF4B-00C04F79EFBC}") = "MercadoBitcoinApi.Tests", "MercadoBitcoinApi.Tests\MercadoBitcoinApi.Tests.csproj", "{776CDEB6-C2A8-B954-2B39-D5EAB8044447}"
EndProject
Global
	GlobalSection(SolutionConfigurationPlatforms) = preSolution
		Debug|Any CPU = Debug|Any CPU
		Release|Any CPU = Release|Any CPU
	EndGlobalSection
	GlobalSection(ProjectConfigurationPlatforms) = postSolution
		{5D1AEE50-E613-4178-98DA-ED164C9B0A19}.Debug|Any CPU.ActiveCfg = Debug|Any CPU
		{5D1AEE50-E613-4178-98DA-ED164C9B0A19}.Debug|Any CPU.Build.0 = Debug|Any CPU
		{5D1AEE50-E613-4178-98DA-ED164C9B0A19}.Release|Any CPU.ActiveCfg = Release|Any CPU
		{5D1AEE50-E613-4178-98DA-ED164C9B0A19}.Release|Any CPU.Build.0 = Release|Any CPU
		{776CDEB6-C2A8-B954-2B39-D5EAB8044447}.Debug|Any CPU.ActiveCfg = Debug|Any CPU
		{776CDEB6-C2A8-B954-2B39-D5EAB8044447}.Debug|Any CPU.Build.0 = Debug|Any CPU
		{776CDEB6-C2A8-B954-2B39-D5EAB8044447}.Release|Any CPU.ActiveCfg = Release|Any CPU
		{776CDEB6-C2A8-B954-2B39-D5EAB8044447}.Release|Any CPU.Build.0 = Release|Any CPU
	EndGlobalSection
	GlobalSection(SolutionProperties) = preSolution
		HideSolutionNode = FALSE
	EndGlobalSection
EndGlobal
